// !$*UTF8*$!
{
	archiveVersion = 1;
	classes = {
	};
	objectVersion = 48;
	objects = {

/* Begin PBXBuildFile section */
		B8E0EB132088085B0071CE05 /* AppDelegate.swift in Sources */ = {isa = PBXBuildFile; fileRef = B8E0EB122088085B0071CE05 /* AppDelegate.swift */; };
		B8E0EB152088085B0071CE05 /* ViewController.swift in Sources */ = {isa = PBXBuildFile; fileRef = B8E0EB142088085B0071CE05 /* ViewController.swift */; };
		B8E0EB182088085B0071CE05 /* Main.storyboard in Resources */ = {isa = PBXBuildFile; fileRef = B8E0EB162088085B0071CE05 /* Main.storyboard */; };
		B8E0EB1A2088085B0071CE05 /* Assets.xcassets in Resources */ = {isa = PBXBuildFile; fileRef = B8E0EB192088085B0071CE05 /* Assets.xcassets */; };
		B8E0EB1D2088085B0071CE05 /* LaunchScreen.storyboard in Resources */ = {isa = PBXBuildFile; fileRef = B8E0EB1B2088085B0071CE05 /* LaunchScreen.storyboard */; };
		B8E0EB25208812970071CE05 /* TableViewCell.swift in Sources */ = {isa = PBXBuildFile; fileRef = B8E0EB24208812970071CE05 /* TableViewCell.swift */; };
/* End PBXBuildFile section */

/* Begin PBXFileReference section */
		B8E0EB0F2088085B0071CE05 /* lorem ipsum table view.app */ = {isa = PBXFileReference; explicitFileType = wrapper.application; includeInIndex = 0; path = "lorem ipsum table view.app"; sourceTree = BUILT_PRODUCTS_DIR; };
		B8E0EB122088085B0071CE05 /* AppDelegate.swift */ = {isa = PBXFileReference; lastKnownFileType = sourcecode.swift; path = AppDelegate.swift; sourceTree = "<group>"; };
		B8E0EB142088085B0071CE05 /* ViewController.swift */ = {isa = PBXFileReference; lastKnownFileType = sourcecode.swift; path = ViewController.swift; sourceTree = "<group>"; };
		B8E0EB172088085B0071CE05 /* Base */ = {isa = PBXFileReference; lastKnownFileType = file.storyboard; name = Base; path = Base.lproj/Main.storyboard; sourceTree = "<group>"; };
		B8E0EB192088085B0071CE05 /* Assets.xcassets */ = {isa = PBXFileReference; lastKnownFileType = folder.assetcatalog; path = Assets.xcassets; sourceTree = "<group>"; };
		B8E0EB1C2088085B0071CE05 /* Base */ = {isa = PBXFileReference; lastKnownFileType = file.storyboard; name = Base; path = Base.lproj/LaunchScreen.storyboard; sourceTree = "<group>"; };
		B8E0EB1E2088085B0071CE05 /* Info.plist */ = {isa = PBXFileReference; lastKnownFileType = text.plist.xml; path = Info.plist; sourceTree = "<group>"; };
		B8E0EB24208812970071CE05 /* TableViewCell.swift */ = {isa = PBXFileReference; lastKnownFileType = sourcecode.swift; path = TableViewCell.swift; sourceTree = "<group>"; };
/* End PBXFileReference section */

/* Begin PBXFrameworksBuildPhase section */
		B8E0EB0C2088085B0071CE05 /* Frameworks */ = {
			isa = PBXFrameworksBuildPhase;
			buildActionMask = 2147483647;
			files = (
			);
			runOnlyForDeploymentPostprocessing = 0;
		};
/* End PBXFrameworksBuildPhase section */

/* Begin PBXGroup section */
		B8E0EB062088085B0071CE05 = {
			isa = PBXGroup;
			children = (
				B8E0EB112088085B0071CE05 /* lorem ipsum table view */,
				B8E0EB102088085B0071CE05 /* Products */,
			);
			sourceTree = "<group>";
		};
		B8E0EB102088085B0071CE05 /* Products */ = {
			isa = PBXGroup;
			children = (
				B8E0EB0F2088085B0071CE05 /* lorem ipsum table view.app */,
			);
			name = Products;
			sourceTree = "<group>";
		};
		B8E0EB112088085B0071CE05 /* lorem ipsum table view */ = {
			isa = PBXGroup;
			children = (
				B8E0EB122088085B0071CE05 /* AppDelegate.swift */,
				B8E0EB142088085B0071CE05 /* ViewController.swift */,
				B8E0EB162088085B0071CE05 /* Main.storyboard */,
				B8E0EB192088085B0071CE05 /* Assets.xcassets */,
				B8E0EB1B2088085B0071CE05 /* LaunchScreen.storyboard */,
				B8E0EB1E2088085B0071CE05 /* Info.plist */,
				B8E0EB24208812970071CE05 /* TableViewCell.swift */,
			);
			path = "lorem ipsum table view";
			sourceTree = "<group>";
		};
/* End PBXGroup section */

/* Begin PBXNativeTarget section */
		B8E0EB0E2088085B0071CE05 /* lorem ipsum table view */ = {
			isa = PBXNativeTarget;
			buildConfigurationList = B8E0EB212088085B0071CE05 /* Build configuration list for PBXNativeTarget "lorem ipsum table view" */;
			buildPhases = (
				B8E0EB0B2088085B0071CE05 /* Sources */,
				B8E0EB0C2088085B0071CE05 /* Frameworks */,
				B8E0EB0D2088085B0071CE05 /* Resources */,
			);
			buildRules = (
			);
			dependencies = (
			);
			name = "lorem ipsum table view";
			productName = "lorem ipsum table view";
			productReference = B8E0EB0F2088085B0071CE05 /* lorem ipsum table view.app */;
			productType = "com.apple.product-type.application";
		};
/* End PBXNativeTarget section */

/* Begin PBXProject section */
		B8E0EB072088085B0071CE05 /* Project object */ = {
			isa = PBXProject;
			attributes = {
				LastSwiftUpdateCheck = 0920;
				LastUpgradeCheck = 0920;
				ORGANIZATIONNAME = "something here";
				TargetAttributes = {
					B8E0EB0E2088085B0071CE05 = {
						CreatedOnToolsVersion = 9.2;
						ProvisioningStyle = Automatic;
					};
				};
			};
			buildConfigurationList = B8E0EB0A2088085B0071CE05 /* Build configuration list for PBXProject "lorem ipsum table view" */;
			compatibilityVersion = "Xcode 8.0";
			developmentRegion = en;
			hasScannedForEncodings = 0;
			knownRegions = (
				en,
				Base,
			);
			mainGroup = B8E0EB062088085B0071CE05;
			productRefGroup = B8E0EB102088085B0071CE05 /* Products */;
			projectDirPath = "";
			projectRoot = "";
			targets = (
				B8E0EB0E2088085B0071CE05 /* lorem ipsum table view */,
			);
		};
/* End PBXProject section */

/* Begin PBXResourcesBuildPhase section */
		B8E0EB0D2088085B0071CE05 /* Resources */ = {
			isa = PBXResourcesBuildPhase;
			buildActionMask = 2147483647;
			files = (
				B8E0EB1D2088085B0071CE05 /* LaunchScreen.storyboard in Resources */,
				B8E0EB1A2088085B0071CE05 /* Assets.xcassets in Resources */,
				B8E0EB182088085B0071CE05 /* Main.storyboard in Resources */,
			);
			runOnlyForDeploymentPostprocessing = 0;
		};
/* End PBXResourcesBuildPhase section */

/* Begin PBXSourcesBuildPhase section */
		B8E0EB0B2088085B0071CE05 /* Sources */ = {
			isa = PBXSourcesBuildPhase;
			buildActionMask = 2147483647;
			files = (
				B8E0EB25208812970071CE05 /* TableViewCell.swift in Sources */,
				B8E0EB152088085B0071CE05 /* ViewController.swift in Sources */,
				B8E0EB132088085B0071CE05 /* AppDelegate.swift in Sources */,
			);
			runOnlyForDeploymentPostprocessing = 0;
		};
/* End PBXSourcesBuildPhase section */

/* Begin PBXVariantGroup section */
		B8E0EB162088085B0071CE05 /* Main.storyboard */ = {
			isa = PBXVariantGroup;
			children = (
				B8E0EB172088085B0071CE05 /* Base */,
			);
			name = Main.storyboard;
			sourceTree = "<group>";
		};
		B8E0EB1B2088085B0071CE05 /* LaunchScreen.storyboard */ = {
			isa = PBXVariantGroup;
			children = (
				B8E0EB1C2088085B0071CE05 /* Base */,
			);
			name = LaunchScreen.storyboard;
			sourceTree = "<group>";
		};
/* End PBXVariantGroup section */

/* Begin XCBuildConfiguration section */
		B8E0EB1F2088085B0071CE05 /* Debug */ = {
			isa = XCBuildConfiguration;
			buildSettings = {
				ALWAYS_SEARCH_USER_PATHS = NO;
				CLANG_ANALYZER_NONNULL = YES;
				CLANG_ANALYZER_NUMBER_OBJECT_CONVERSION = YES_AGGRESSIVE;
				CLANG_CXX_LANGUAGE_STANDARD = "gnu++14";
				CLANG_CXX_LIBRARY = "libc++";
				CLANG_ENABLE_MODULES = YES;
				CLANG_ENABLE_OBJC_ARC = YES;
				CLANG_WARN_BLOCK_CAPTURE_AUTORELEASING = YES;
				CLANG_WARN_BOOL_CONVERSION = YES;
				CLANG_WARN_COMMA = YES;
				CLANG_WARN_CONSTANT_CONVERSION = YES;
				CLANG_WARN_DIRECT_OBJC_ISA_USAGE = YES_ERROR;
				CLANG_WARN_DOCUMENTATION_COMMENTS = YES;
				CLANG_WARN_EMPTY_BODY = YES;
				CLANG_WARN_ENUM_CONVERSION = YES;
				CLANG_WARN_INFINITE_RECURSION = YES;
				CLANG_WARN_INT_CONVERSION = YES;
				CLANG_WARN_NON_LITERAL_NULL_CONVERSION = YES;
				CLANG_WARN_OBJC_LITERAL_CONVERSION = YES;
				CLANG_WARN_OBJC_ROOT_CLASS = YES_ERROR;
				CLANG_WARN_RANGE_LOOP_ANALYSIS = YES;
				CLANG_WARN_STRICT_PROTOTYPES = YES;
				CLANG_WARN_SUSPICIOUS_MOVE = YES;
				CLANG_WARN_UNGUARDED_AVAILABILITY = YES_AGGRESSIVE;
				CLANG_WARN_UNREACHABLE_CODE = YES;
				CLANG_WARN__DUPLICATE_METHOD_MATCH = YES;
				CODE_SIGN_IDENTITY = "iPhone Developer";
				COPY_PHASE_STRIP = NO;
				DEBUG_INFORMATION_FORMAT = dwarf;
				ENABLE_STRICT_OBJC_MSGSEND = YES;
				ENABLE_TESTABILITY = YES;
				GCC_C_LANGUAGE_STANDARD = gnu11;
				GCC_DYNAMIC_NO_PIC = NO;
				GCC_NO_COMMON_BLOCKS = YES;
				GCC_OPTIMIZATION_LEVEL = 0;
				GCC_PREPROCESSOR_DEFINITIONS = (
					"DEBUG=1",
					"$(inherited)",
				);
				GCC_WARN_64_TO_32_BIT_CONVERSION = YES;
				GCC_WARN_ABOUT_RETURN_TYPE = YES_ERROR;
				GCC_WARN_UNDECLARED_SELECTOR = YES;
				GCC_WARN_UNINITIALIZED_AUTOS = YES_AGGRESSIVE;
				GCC_WARN_UNUSED_FUNCTION = YES;
				GCC_WARN_UNUSED_VARIABLE = YES;
				IPHONEOS_DEPLOYMENT_TARGET = 11.2;
				MTL_ENABLE_DEBUG_INFO = YES;
				ONLY_ACTIVE_ARCH = YES;
				SDKROOT = iphoneos;
				SWIFT_ACTIVE_COMPILATION_CONDITIONS = DEBUG;
				SWIFT_OPTIMIZATION_LEVEL = "-Onone";
			};
			name = Debug;
		};
		B8E0EB202088085B0071CE05 /* Release */ = {
			isa = XCBuildConfiguration;
			buildSettings = {
				ALWAYS_SEARCH_USER_PATHS = NO;
				CLANG_ANALYZER_NONNULL = YES;
				CLANG_ANALYZER_NUMBER_OBJECT_CONVERSION = YES_AGGRESSIVE;
				CLANG_CXX_LANGUAGE_STANDARD = "gnu++14";
				CLANG_CXX_LIBRARY = "libc++";
				CLANG_ENABLE_MODULES = YES;
				CLANG_ENABLE_OBJC_ARC = YES;
				CLANG_WARN_BLOCK_CAPTURE_AUTORELEASING = YES;
				CLANG_WARN_BOOL_CONVERSION = YES;
				CLANG_WARN_COMMA = YES;
				CLANG_WARN_CONSTANT_CONVERSION = YES;
				CLANG_WARN_DIRECT_OBJC_ISA_USAGE = YES_ERROR;
				CLANG_WARN_DOCUMENTATION_COMMENTS = YES;
				CLANG_WARN_EMPTY_BODY = YES;
				CLANG_WARN_ENUM_CONVERSION = YES;
				CLANG_WARN_INFINITE_RECURSION = YES;
				CLANG_WARN_INT_CONVERSION = YES;
				CLANG_WARN_NON_LITERAL_NULL_CONVERSION = YES;
				CLANG_WARN_OBJC_LITERAL_CONVERSION = YES;
				CLANG_WARN_OBJC_ROOT_CLASS = YES_ERROR;
				CLANG_WARN_RANGE_LOOP_ANALYSIS = YES;
				CLANG_WARN_STRICT_PROTOTYPES = YES;
				CLANG_WARN_SUSPICIOUS_MOVE = YES;
				CLANG_WARN_UNGUARDED_AVAILABILITY = YES_AGGRESSIVE;
				CLANG_WARN_UNREACHABLE_CODE = YES;
				CLANG_WARN__DUPLICATE_METHOD_MATCH = YES;
				CODE_SIGN_IDENTITY = "iPhone Developer";
				COPY_PHASE_STRIP = NO;
				DEBUG_INFORMATION_FORMAT = "dwarf-with-dsym";
				ENABLE_NS_ASSERTIONS = NO;
				ENABLE_STRICT_OBJC_MSGSEND = YES;
				GCC_C_LANGUAGE_STANDARD = gnu11;
				GCC_NO_COMMON_BLOCKS = YES;
				GCC_WARN_64_TO_32_BIT_CONVERSION = YES;
				GCC_WARN_ABOUT_RETURN_TYPE = YES_ERROR;
				GCC_WARN_UNDECLARED_SELECTOR = YES;
				GCC_WARN_UNINITIALIZED_AUTOS = YES_AGGRESSIVE;
				GCC_WARN_UNUSED_FUNCTION = YES;
				GCC_WARN_UNUSED_VARIABLE = YES;
				IPHONEOS_DEPLOYMENT_TARGET = 11.2;
				MTL_ENABLE_DEBUG_INFO = NO;
				SDKROOT = iphoneos;
				SWIFT_OPTIMIZATION_LEVEL = "-Owholemodule";
				VALIDATE_PRODUCT = YES;
			};
			name = Release;
		};
		B8E0EB222088085B0071CE05 /* Debug */ = {
			isa = XCBuildConfiguration;
			buildSettings = {
				ASSETCATALOG_COMPILER_APPICON_NAME = AppIcon;
				CODE_SIGN_STYLE = Automatic;
				INFOPLIST_FILE = "lorem ipsum table view/Info.plist";
				LD_RUNPATH_SEARCH_PATHS = "$(inherited) @executable_path/Frameworks";
				PRODUCT_BUNDLE_IDENTIFIER = "something.unique.to.id.lorem-ipsum-table-view";
				PRODUCT_NAME = "$(TARGET_NAME)";
				SWIFT_VERSION = 4.0;
				TARGETED_DEVICE_FAMILY = "1,2";
			};
			name = Debug;
		};
		B8E0EB232088085B0071CE05 /* Release */ = {
			isa = XCBuildConfiguration;
			buildSettings = {
				ASSETCATALOG_COMPILER_APPICON_NAME = AppIcon;
				CODE_SIGN_STYLE = Automatic;
				INFOPLIST_FILE = "lorem ipsum table view/Info.plist";
				LD_RUNPATH_SEARCH_PATHS = "$(inherited) @executable_path/Frameworks";
				PRODUCT_BUNDLE_IDENTIFIER = "something.unique.to.id.lorem-ipsum-table-view";
				PRODUCT_NAME = "$(TARGET_NAME)";
				SWIFT_VERSION = 4.0;
				TARGETED_DEVICE_FAMILY = "1,2";
			};
			name = Release;
		};
/* End XCBuildConfiguration section */

/* Begin XCConfigurationList section */
		B8E0EB0A2088085B0071CE05 /* Build configuration list for PBXProject "lorem ipsum table view" */ = {
			isa = XCConfigurationList;
			buildConfigurations = (
				B8E0EB1F2088085B0071CE05 /* Debug */,
				B8E0EB202088085B0071CE05 /* Release */,
			);
			defaultConfigurationIsVisible = 0;
			defaultConfigurationName = Release;
		};
		B8E0EB212088085B0071CE05 /* Build configuration list for PBXNativeTarget "lorem ipsum table view" */ = {
			isa = XCConfigurationList;
			buildConfigurations = (
				B8E0EB222088085B0071CE05 /* Debug */,
				B8E0EB232088085B0071CE05 /* Release */,
			);
			defaultConfigurationIsVisible = 0;
			defaultConfigurationName = Release;
		};
/* End XCConfigurationList section */
	};
	rootObject = B8E0EB072088085B0071CE05 /* Project object */;
}
